[root]
name = "libredio"
version = "0.0.2"
dependencies = [
 "bitfount 0.0.2",
 "dsputils 0.0.2",
 "kissfft 0.0.2",
 "kpn 0.0.2",
 "num 0.1.8 (git+https://github.com/rust-lang/num)",
 "oblw 0.0.2",
 "pasimple 0.0.2",
 "rtlsdr 0.0.2",
 "samplerate 0.0.2",
 "toml 0.1.11 (git+https://github.com/alexcrichton/toml-rs)",
 "usb 0.1.5 (git+https://github.com/kevinmehall/rust-usb)",
 "vidsink 0.0.2",
 "wavio 0.0.2",
]

[[package]]
name = "bitfount"
version = "0.0.2"
dependencies = [
 "num 0.1.8 (git+https://github.com/rust-lang/num)",
 "rtlsdr 0.0.2",
]

[[package]]
name = "dsputils"
version = "0.0.2"
dependencies = [
 "num 0.1.8 (git+https://github.com/rust-lang/num)",
]

[[package]]
name = "kissfft"
version = "0.0.2"
dependencies = [
 "num 0.1.8 (git+https://github.com/rust-lang/num)",
]

[[package]]
name = "kpn"
version = "0.0.2"
dependencies = [
 "dsputils 0.0.2",
]

[[package]]
name = "num"
version = "0.1.8"
source = "git+https://github.com/rust-lang/num#cbf04cf6646f99b21e5262a99791ee85063203ba"
dependencies = [
 "rustc-serialize 0.2.7 (registry+https://github.com/rust-lang/crates.io-index)",
]

[[package]]
name = "oblw"
version = "0.0.2"
dependencies = [
 "usb 0.1.5 (git+https://github.com/kevinmehall/rust-usb)",
]

[[package]]
name = "pasimple"
version = "0.0.2"

[[package]]
name = "pkg-config"
version = "0.1.4"
source = "registry+https://github.com/rust-lang/crates.io-index"

[[package]]
name = "rtlsdr"
version = "0.0.2"
dependencies = [
 "num 0.1.8 (git+https://github.com/rust-lang/num)",
]

[[package]]
name = "rustc-serialize"
version = "0.2.7"
source = "registry+https://github.com/rust-lang/crates.io-index"

[[package]]
name = "samplerate"
version = "0.0.2"

[[package]]
name = "sdl2"
version = "0.0.15"
source = "git+https://github.com/AngryLawyer/rust-sdl2#c843285121c280d69e5aebc05a6866201a852947"
dependencies = [
 "sdl2-sys 0.0.14 (git+https://github.com/AngryLawyer/rust-sdl2)",
]

[[package]]
name = "sdl2-sys"
version = "0.0.14"
source = "git+https://github.com/AngryLawyer/rust-sdl2#c843285121c280d69e5aebc05a6866201a852947"
dependencies = [
 "pkg-config 0.1.4 (registry+https://github.com/rust-lang/crates.io-index)",
]

[[package]]
name = "sndfile"
version = "0.0.1"
source = "git+https://github.com/jeremyletang/rust-sndfile#b18adb4777c424c8a4ef680cab0b0ec9cca90ee4"

[[package]]
name = "toml"
version = "0.1.11"
source = "git+https://github.com/alexcrichton/toml-rs#d4319caa2073a8f7e14f4479d7f4d374357f890a"
dependencies = [
 "rustc-serialize 0.2.7 (registry+https://github.com/rust-lang/crates.io-index)",
]

[[package]]
name = "usb"
version = "0.1.5"
source = "git+https://github.com/kevinmehall/rust-usb#6ae212f1d49f05edc3e8ad6131c64801317959a1"

[[package]]
name = "vidsink"
version = "0.0.2"
dependencies = [
 "dsputils 0.0.2",
 "sdl2 0.0.15 (git+https://github.com/AngryLawyer/rust-sdl2)",
]

[[package]]
name = "wavio"
version = "0.0.2"
dependencies = [
 "num 0.1.8 (git+https://github.com/rust-lang/num)",
 "sndfile 0.0.1 (git+https://github.com/jeremyletang/rust-sndfile)",
]

