[root]
name = "libredio"
version = "0.0.2"
dependencies = [
 "bitfount 0.0.2",
 "dsputils 0.0.2",
 "kissfft 0.0.2",
 "kpn 0.0.2",
 "num 0.0.1 (git+https://github.com/rust-lang/num#52e2afa3040134b06384fb3ac6f78184cf9a6257)",
 "oblw 0.0.2",
 "pasimple 0.0.2",
 "rtlsdr 0.0.2",
 "samplerate 0.0.2",
 "toml 0.1.0 (git+https://github.com/alexcrichton/toml-rs#7b2aa23dbdf21dcd4fa34e5ac2d58cba06b19dff)",
 "usb 0.1.0 (git+https://github.com/kevinmehall/rust-usb#2edfe6bfefccc22c9bad5a96d6a6634656b0a2fc)",
 "vidsink 0.0.2",
 "wavio 0.0.2",
]

[[package]]
name = "bitfount"
version = "0.0.2"
dependencies = [
 "num 0.0.1 (git+https://github.com/rust-lang/num#52e2afa3040134b06384fb3ac6f78184cf9a6257)",
 "rtlsdr 0.0.2",
]

[[package]]
name = "dsputils"
version = "0.0.2"
dependencies = [
 "num 0.0.1 (git+https://github.com/rust-lang/num#52e2afa3040134b06384fb3ac6f78184cf9a6257)",
]

[[package]]
name = "kissfft"
version = "0.0.2"
dependencies = [
 "num 0.0.1 (git+https://github.com/rust-lang/num#52e2afa3040134b06384fb3ac6f78184cf9a6257)",
]

[[package]]
name = "kpn"
version = "0.0.2"
dependencies = [
 "dsputils 0.0.2",
]

[[package]]
name = "num"
version = "0.0.1"
source = "git+https://github.com/rust-lang/num#52e2afa3040134b06384fb3ac6f78184cf9a6257"

[[package]]
name = "oblw"
version = "0.0.2"
dependencies = [
 "usb 0.1.0 (git+https://github.com/kevinmehall/rust-usb#2edfe6bfefccc22c9bad5a96d6a6634656b0a2fc)",
]

[[package]]
name = "pasimple"
version = "0.0.2"

[[package]]
name = "rtlsdr"
version = "0.0.2"
dependencies = [
 "num 0.0.1 (git+https://github.com/rust-lang/num#52e2afa3040134b06384fb3ac6f78184cf9a6257)",
]

[[package]]
name = "samplerate"
version = "0.0.2"

[[package]]
name = "sdl2"
version = "0.0.1-alpha.1"
source = "git+https://github.com/AngryLawyer/rust-sdl2#07aa0591ecc2459622aa0bdbd653083253c38b06"

[[package]]
name = "sndfile"
version = "0.0.1"
source = "git+https://github.com/jeremyletang/rust-sndfile#619719168e3c4d2a45c75336078b629e2e9c7882"

[[package]]
name = "toml"
version = "0.1.0"
source = "git+https://github.com/alexcrichton/toml-rs#7b2aa23dbdf21dcd4fa34e5ac2d58cba06b19dff"

[[package]]
name = "usb"
version = "0.1.0"
source = "git+https://github.com/kevinmehall/rust-usb#2edfe6bfefccc22c9bad5a96d6a6634656b0a2fc"

[[package]]
name = "vidsink"
version = "0.0.2"
dependencies = [
 "dsputils 0.0.2",
 "sdl2 0.0.1-alpha.1 (git+https://github.com/AngryLawyer/rust-sdl2#07aa0591ecc2459622aa0bdbd653083253c38b06)",
]

[[package]]
name = "wavio"
version = "0.0.2"
dependencies = [
 "num 0.0.1 (git+https://github.com/rust-lang/num#52e2afa3040134b06384fb3ac6f78184cf9a6257)",
 "sndfile 0.0.1 (git+https://github.com/jeremyletang/rust-sndfile#619719168e3c4d2a45c75336078b629e2e9c7882)",
]

