[root]
name = "libredio"
version = "0.0.2"
dependencies = [
 "bitfount 0.0.2",
 "dsputils 0.0.2",
 "kissfft 0.0.2",
 "kpn 0.0.2",
 "num 0.0.6 (git+https://github.com/rust-lang/num)",
 "oblw 0.0.2",
 "pasimple 0.0.2",
 "rtlsdr 0.0.2",
 "samplerate 0.0.2",
 "toml 0.1.4 (git+https://github.com/alexcrichton/toml-rs)",
 "usb 0.1.2 (git+https://github.com/kevinmehall/rust-usb)",
 "vidsink 0.0.2",
 "wavio 0.0.2",
]

[[package]]
name = "bitfount"
version = "0.0.2"
dependencies = [
 "num 0.0.6 (git+https://github.com/rust-lang/num)",
 "rtlsdr 0.0.2",
]

[[package]]
name = "dsputils"
version = "0.0.2"
dependencies = [
 "num 0.0.6 (git+https://github.com/rust-lang/num)",
]

[[package]]
name = "kissfft"
version = "0.0.2"
dependencies = [
 "num 0.0.6 (git+https://github.com/rust-lang/num)",
]

[[package]]
name = "kpn"
version = "0.0.2"
dependencies = [
 "dsputils 0.0.2",
]

[[package]]
name = "num"
version = "0.0.6"
source = "git+https://github.com/rust-lang/num#32ae02d87d04c62331b9c125f6747ad480211d42"

[[package]]
name = "oblw"
version = "0.0.2"
dependencies = [
 "usb 0.1.2 (git+https://github.com/kevinmehall/rust-usb)",
]

[[package]]
name = "pasimple"
version = "0.0.2"

[[package]]
name = "rtlsdr"
version = "0.0.2"
dependencies = [
 "num 0.0.6 (git+https://github.com/rust-lang/num)",
]

[[package]]
name = "samplerate"
version = "0.0.2"

[[package]]
name = "sdl2"
version = "0.0.9"
source = "git+https://github.com/AngryLawyer/rust-sdl2#61935c86ce4eea0cadb973d60270eceeabc62da0"

[[package]]
name = "sndfile"
version = "0.0.1"
source = "git+https://github.com/jeremyletang/rust-sndfile#b18adb4777c424c8a4ef680cab0b0ec9cca90ee4"

[[package]]
name = "toml"
version = "0.1.4"
source = "git+https://github.com/alexcrichton/toml-rs#944b94c21a064d0b1ad80ccabf12d95726c72139"

[[package]]
name = "usb"
version = "0.1.2"
source = "git+https://github.com/kevinmehall/rust-usb#f8c2696ba16f247313c620851f0a037b14530968"

[[package]]
name = "vidsink"
version = "0.0.2"
dependencies = [
 "dsputils 0.0.2",
 "sdl2 0.0.9 (git+https://github.com/AngryLawyer/rust-sdl2)",
]

[[package]]
name = "wavio"
version = "0.0.2"
dependencies = [
 "num 0.0.6 (git+https://github.com/rust-lang/num)",
 "sndfile 0.0.1 (git+https://github.com/jeremyletang/rust-sndfile)",
]

